// !$*UTF8*$!
{
	archiveVersion = 1;
	classes = {
	};
	objectVersion = 46;
	objects = {

/* Begin PBXBuildFile section */
		3F4B05C91EEAE4CE0067F421 /* Location.swift in Sources */ = {isa = PBXBuildFile; fileRef = 3F4B05C81EEAE4CE0067F421 /* Location.swift */; };
		3F7C701B1EE94B99000F4FA5 /* Forecast.swift in Sources */ = {isa = PBXBuildFile; fileRef = 3F7C701A1EE94B99000F4FA5 /* Forecast.swift */; };
		3F7C701D1EE98B6E000F4FA5 /* WeatherCell.swift in Sources */ = {isa = PBXBuildFile; fileRef = 3F7C701C1EE98B6E000F4FA5 /* WeatherCell.swift */; };
		3F89BD8C1EE6AD1800EC4F7A /* AppDelegate.swift in Sources */ = {isa = PBXBuildFile; fileRef = 3F89BD8B1EE6AD1800EC4F7A /* AppDelegate.swift */; };
		3F89BD8E1EE6AD1800EC4F7A /* WeatherVC.swift in Sources */ = {isa = PBXBuildFile; fileRef = 3F89BD8D1EE6AD1800EC4F7A /* WeatherVC.swift */; };
		3F89BD911EE6AD1800EC4F7A /* Main.storyboard in Resources */ = {isa = PBXBuildFile; fileRef = 3F89BD8F1EE6AD1800EC4F7A /* Main.storyboard */; };
		3F89BD931EE6AD1800EC4F7A /* Assets.xcassets in Resources */ = {isa = PBXBuildFile; fileRef = 3F89BD921EE6AD1800EC4F7A /* Assets.xcassets */; };
		3F89BD961EE6AD1800EC4F7A /* LaunchScreen.storyboard in Resources */ = {isa = PBXBuildFile; fileRef = 3F89BD941EE6AD1800EC4F7A /* LaunchScreen.storyboard */; };
		3F89BD9E1EE6ECDF00EC4F7A /* Api.swift in Sources */ = {isa = PBXBuildFile; fileRef = 3F89BD9D1EE6ECDF00EC4F7A /* Api.swift */; };
		3F89BDA01EE6F42300EC4F7A /* CurrentWeatherModel.swift in Sources */ = {isa = PBXBuildFile; fileRef = 3F89BD9F1EE6F42300EC4F7A /* CurrentWeatherModel.swift */; };
		494F002B8BBDBD14A7CE91D1 /* Pods_weatherApp.framework in Frameworks */ = {isa = PBXBuildFile; fileRef = 2B80BBAE15FE816F1B8FF7F1 /* Pods_weatherApp.framework */; };
/* End PBXBuildFile section */

/* Begin PBXFileReference section */
		2B80BBAE15FE816F1B8FF7F1 /* Pods_weatherApp.framework */ = {isa = PBXFileReference; explicitFileType = wrapper.framework; includeInIndex = 0; path = Pods_weatherApp.framework; sourceTree = BUILT_PRODUCTS_DIR; };
		3F4B05C81EEAE4CE0067F421 /* Location.swift */ = {isa = PBXFileReference; fileEncoding = 4; lastKnownFileType = sourcecode.swift; path = Location.swift; sourceTree = "<group>"; };
		3F7C701A1EE94B99000F4FA5 /* Forecast.swift */ = {isa = PBXFileReference; fileEncoding = 4; lastKnownFileType = sourcecode.swift; path = Forecast.swift; sourceTree = "<group>"; };
		3F7C701C1EE98B6E000F4FA5 /* WeatherCell.swift */ = {isa = PBXFileReference; fileEncoding = 4; lastKnownFileType = sourcecode.swift; path = WeatherCell.swift; sourceTree = "<group>"; };
		3F89BD881EE6AD1700EC4F7A /* weatherApp.app */ = {isa = PBXFileReference; explicitFileType = wrapper.application; includeInIndex = 0; path = weatherApp.app; sourceTree = BUILT_PRODUCTS_DIR; };
		3F89BD8B1EE6AD1800EC4F7A /* AppDelegate.swift */ = {isa = PBXFileReference; lastKnownFileType = sourcecode.swift; path = AppDelegate.swift; sourceTree = "<group>"; };
		3F89BD8D1EE6AD1800EC4F7A /* WeatherVC.swift */ = {isa = PBXFileReference; lastKnownFileType = sourcecode.swift; path = WeatherVC.swift; sourceTree = "<group>"; };
		3F89BD901EE6AD1800EC4F7A /* Base */ = {isa = PBXFileReference; lastKnownFileType = file.storyboard; name = Base; path = Base.lproj/Main.storyboard; sourceTree = "<group>"; };
		3F89BD921EE6AD1800EC4F7A /* Assets.xcassets */ = {isa = PBXFileReference; lastKnownFileType = folder.assetcatalog; path = Assets.xcassets; sourceTree = "<group>"; };
		3F89BD951EE6AD1800EC4F7A /* Base */ = {isa = PBXFileReference; lastKnownFileType = file.storyboard; name = Base; path = Base.lproj/LaunchScreen.storyboard; sourceTree = "<group>"; };
		3F89BD971EE6AD1800EC4F7A /* Info.plist */ = {isa = PBXFileReference; lastKnownFileType = text.plist.xml; path = Info.plist; sourceTree = "<group>"; };
		3F89BD9D1EE6ECDF00EC4F7A /* Api.swift */ = {isa = PBXFileReference; fileEncoding = 4; lastKnownFileType = sourcecode.swift; path = Api.swift; sourceTree = "<group>"; };
		3F89BD9F1EE6F42300EC4F7A /* CurrentWeatherModel.swift */ = {isa = PBXFileReference; fileEncoding = 4; lastKnownFileType = sourcecode.swift; path = CurrentWeatherModel.swift; sourceTree = "<group>"; };
		7FCEF17AFB6E0EF5E3F07F43 /* Pods-weatherApp.release.xcconfig */ = {isa = PBXFileReference; includeInIndex = 1; lastKnownFileType = text.xcconfig; name = "Pods-weatherApp.release.xcconfig"; path = "Pods/Target Support Files/Pods-weatherApp/Pods-weatherApp.release.xcconfig"; sourceTree = "<group>"; };
		9CFBF84005044C839FC003E3 /* Pods-weatherApp.debug.xcconfig */ = {isa = PBXFileReference; includeInIndex = 1; lastKnownFileType = text.xcconfig; name = "Pods-weatherApp.debug.xcconfig"; path = "Pods/Target Support Files/Pods-weatherApp/Pods-weatherApp.debug.xcconfig"; sourceTree = "<group>"; };
/* End PBXFileReference section */

/* Begin PBXFrameworksBuildPhase section */
		3F89BD851EE6AD1700EC4F7A /* Frameworks */ = {
			isa = PBXFrameworksBuildPhase;
			buildActionMask = 2147483647;
			files = (
				494F002B8BBDBD14A7CE91D1 /* Pods_weatherApp.framework in Frameworks */,
			);
			runOnlyForDeploymentPostprocessing = 0;
		};
/* End PBXFrameworksBuildPhase section */

/* Begin PBXGroup section */
		3F89BD7F1EE6AD1600EC4F7A = {
			isa = PBXGroup;
			children = (
				3F89BD8A1EE6AD1700EC4F7A /* weatherApp */,
				3F89BD891EE6AD1700EC4F7A /* Products */,
				6DA32C99F7B0B96C25887B42 /* Pods */,
				F014525F23C4AE2077928D59 /* Frameworks */,
			);
			sourceTree = "<group>";
		};
		3F89BD891EE6AD1700EC4F7A /* Products */ = {
			isa = PBXGroup;
			children = (
				3F89BD881EE6AD1700EC4F7A /* weatherApp.app */,
			);
			name = Products;
			sourceTree = "<group>";
		};
		3F89BD8A1EE6AD1700EC4F7A /* weatherApp */ = {
			isa = PBXGroup;
			children = (
				3F89BD8B1EE6AD1800EC4F7A /* AppDelegate.swift */,
				3F89BD8D1EE6AD1800EC4F7A /* WeatherVC.swift */,
				3F7C701C1EE98B6E000F4FA5 /* WeatherCell.swift */,
				3F89BD8F1EE6AD1800EC4F7A /* Main.storyboard */,
				3F89BD921EE6AD1800EC4F7A /* Assets.xcassets */,
				3F89BD941EE6AD1800EC4F7A /* LaunchScreen.storyboard */,
				3F89BD971EE6AD1800EC4F7A /* Info.plist */,
				3F89BD9D1EE6ECDF00EC4F7A /* Api.swift */,
				3F89BD9F1EE6F42300EC4F7A /* CurrentWeatherModel.swift */,
				3F7C701A1EE94B99000F4FA5 /* Forecast.swift */,
				3F4B05C81EEAE4CE0067F421 /* Location.swift */,
			);
			path = weatherApp;
			sourceTree = "<group>";
		};
		6DA32C99F7B0B96C25887B42 /* Pods */ = {
			isa = PBXGroup;
			children = (
				9CFBF84005044C839FC003E3 /* Pods-weatherApp.debug.xcconfig */,
				7FCEF17AFB6E0EF5E3F07F43 /* Pods-weatherApp.release.xcconfig */,
			);
			name = Pods;
			sourceTree = "<group>";
		};
		F014525F23C4AE2077928D59 /* Frameworks */ = {
			isa = PBXGroup;
			children = (
				2B80BBAE15FE816F1B8FF7F1 /* Pods_weatherApp.framework */,
			);
			name = Frameworks;
			sourceTree = "<group>";
		};
/* End PBXGroup section */

/* Begin PBXNativeTarget section */
		3F89BD871EE6AD1700EC4F7A /* weatherApp */ = {
			isa = PBXNativeTarget;
			buildConfigurationList = 3F89BD9A1EE6AD1800EC4F7A /* Build configuration list for PBXNativeTarget "weatherApp" */;
			buildPhases = (
				04BEC25D6BDD20320EE66200 /* [CP] Check Pods Manifest.lock */,
				3F89BD841EE6AD1700EC4F7A /* Sources */,
				3F89BD851EE6AD1700EC4F7A /* Frameworks */,
				3F89BD861EE6AD1700EC4F7A /* Resources */,
				0BD79C536E7FFCF5CE1D12F7 /* [CP] Embed Pods Frameworks */,
				FA57FF5BDEA018E7196CEEAD /* [CP] Copy Pods Resources */,
			);
			buildRules = (
			);
			dependencies = (
			);
			name = weatherApp;
			productName = weatherApp;
			productReference = 3F89BD881EE6AD1700EC4F7A /* weatherApp.app */;
			productType = "com.apple.product-type.application";
		};
/* End PBXNativeTarget section */

/* Begin PBXProject section */
		3F89BD801EE6AD1600EC4F7A /* Project object */ = {
			isa = PBXProject;
			attributes = {
				LastSwiftUpdateCheck = 0820;
				LastUpgradeCheck = 0820;
				ORGANIZATIONNAME = ahmetsaday;
				TargetAttributes = {
					3F89BD871EE6AD1700EC4F7A = {
						CreatedOnToolsVersion = 8.2.1;
						ProvisioningStyle = Manual;
					};
				};
			};
			buildConfigurationList = 3F89BD831EE6AD1600EC4F7A /* Build configuration list for PBXProject "weatherApp" */;
			compatibilityVersion = "Xcode 3.2";
			developmentRegion = English;
			hasScannedForEncodings = 0;
			knownRegions = (
				en,
				Base,
			);
			mainGroup = 3F89BD7F1EE6AD1600EC4F7A;
			productRefGroup = 3F89BD891EE6AD1700EC4F7A /* Products */;
			projectDirPath = "";
			projectRoot = "";
			targets = (
				3F89BD871EE6AD1700EC4F7A /* weatherApp */,
			);
		};
/* End PBXProject section */

/* Begin PBXResourcesBuildPhase section */
		3F89BD861EE6AD1700EC4F7A /* Resources */ = {
			isa = PBXResourcesBuildPhase;
			buildActionMask = 2147483647;
			files = (
				3F89BD961EE6AD1800EC4F7A /* LaunchScreen.storyboard in Resources */,
				3F89BD931EE6AD1800EC4F7A /* Assets.xcassets in Resources */,
				3F89BD911EE6AD1800EC4F7A /* Main.storyboard in Resources */,
			);
			runOnlyForDeploymentPostprocessing = 0;
		};
/* End PBXResourcesBuildPhase section */

/* Begin PBXShellScriptBuildPhase section */
		04BEC25D6BDD20320EE66200 /* [CP] Check Pods Manifest.lock */ = {
			isa = PBXShellScriptBuildPhase;
			buildActionMask = 2147483647;
			files = (
			);
			inputPaths = (
			);
			name = "[CP] Check Pods Manifest.lock";
			outputPaths = (
			);
			runOnlyForDeploymentPostprocessing = 0;
			shellPath = /bin/sh;
			shellScript = "diff \"${PODS_PODFILE_DIR_PATH}/Podfile.lock\" \"${PODS_ROOT}/Manifest.lock\" > /dev/null\nif [ $? != 0 ] ; then\n    # print error to STDERR\n    echo \"error: The sandbox is not in sync with the Podfile.lock. Run 'pod install' or update your CocoaPods installation.\" >&2\n    exit 1\nfi\n";
			showEnvVarsInLog = 0;
		};
		0BD79C536E7FFCF5CE1D12F7 /* [CP] Embed Pods Frameworks */ = {
			isa = PBXShellScriptBuildPhase;
			buildActionMask = 2147483647;
			files = (
			);
			inputPaths = (
			);
			name = "[CP] Embed Pods Frameworks";
			outputPaths = (
			);
			runOnlyForDeploymentPostprocessing = 0;
			shellPath = /bin/sh;
			shellScript = "\"${SRCROOT}/Pods/Target Support Files/Pods-weatherApp/Pods-weatherApp-frameworks.sh\"\n";
			showEnvVarsInLog = 0;
		};
		FA57FF5BDEA018E7196CEEAD /* [CP] Copy Pods Resources */ = {
			isa = PBXShellScriptBuildPhase;
			buildActionMask = 2147483647;
			files = (
			);
			inputPaths = (
			);
			name = "[CP] Copy Pods Resources";
			outputPaths = (
			);
			runOnlyForDeploymentPostprocessing = 0;
			shellPath = /bin/sh;
			shellScript = "\"${SRCROOT}/Pods/Target Support Files/Pods-weatherApp/Pods-weatherApp-resources.sh\"\n";
			showEnvVarsInLog = 0;
		};
/* End PBXShellScriptBuildPhase section */

/* Begin PBXSourcesBuildPhase section */
		3F89BD841EE6AD1700EC4F7A /* Sources */ = {
			isa = PBXSourcesBuildPhase;
			buildActionMask = 2147483647;
			files = (
				3F89BDA01EE6F42300EC4F7A /* CurrentWeatherModel.swift in Sources */,
				3F89BD9E1EE6ECDF00EC4F7A /* Api.swift in Sources */,
				3F7C701D1EE98B6E000F4FA5 /* WeatherCell.swift in Sources */,
				3F89BD8E1EE6AD1800EC4F7A /* WeatherVC.swift in Sources */,
				3F89BD8C1EE6AD1800EC4F7A /* AppDelegate.swift in Sources */,
				3F7C701B1EE94B99000F4FA5 /* Forecast.swift in Sources */,
				3F4B05C91EEAE4CE0067F421 /* Location.swift in Sources */,
			);
			runOnlyForDeploymentPostprocessing = 0;
		};
/* End PBXSourcesBuildPhase section */

/* Begin PBXVariantGroup section */
		3F89BD8F1EE6AD1800EC4F7A /* Main.storyboard */ = {
			isa = PBXVariantGroup;
			children = (
				3F89BD901EE6AD1800EC4F7A /* Base */,
			);
			name = Main.storyboard;
			sourceTree = "<group>";
		};
		3F89BD941EE6AD1800EC4F7A /* LaunchScreen.storyboard */ = {
			isa = PBXVariantGroup;
			children = (
				3F89BD951EE6AD1800EC4F7A /* Base */,
			);
			name = LaunchScreen.storyboard;
			sourceTree = "<group>";
		};
/* End PBXVariantGroup section */

/* Begin XCBuildConfiguration section */
		3F89BD981EE6AD1800EC4F7A /* Debug */ = {
			isa = XCBuildConfiguration;
			buildSettings = {
				ALWAYS_SEARCH_USER_PATHS = NO;
				CLANG_ANALYZER_NONNULL = YES;
				CLANG_CXX_LANGUAGE_STANDARD = "gnu++0x";
				CLANG_CXX_LIBRARY = "libc++";
				CLANG_ENABLE_MODULES = YES;
				CLANG_ENABLE_OBJC_ARC = YES;
				CLANG_WARN_BOOL_CONVERSION = YES;
				CLANG_WARN_CONSTANT_CONVERSION = YES;
				CLANG_WARN_DIRECT_OBJC_ISA_USAGE = YES_ERROR;
				CLANG_WARN_DOCUMENTATION_COMMENTS = YES;
				CLANG_WARN_EMPTY_BODY = YES;
				CLANG_WARN_ENUM_CONVERSION = YES;
				CLANG_WARN_INFINITE_RECURSION = YES;
				CLANG_WARN_INT_CONVERSION = YES;
				CLANG_WARN_OBJC_ROOT_CLASS = YES_ERROR;
				CLANG_WARN_SUSPICIOUS_MOVE = YES;
				CLANG_WARN_UNREACHABLE_CODE = YES;
				CLANG_WARN__DUPLICATE_METHOD_MATCH = YES;
				"CODE_SIGN_IDENTITY[sdk=iphoneos*]" = "iPhone Developer";
				COPY_PHASE_STRIP = NO;
				DEBUG_INFORMATION_FORMAT = dwarf;
				ENABLE_STRICT_OBJC_MSGSEND = YES;
				ENABLE_TESTABILITY = YES;
				GCC_C_LANGUAGE_STANDARD = gnu99;
				GCC_DYNAMIC_NO_PIC = NO;
				GCC_NO_COMMON_BLOCKS = YES;
				GCC_OPTIMIZATION_LEVEL = 0;
				GCC_PREPROCESSOR_DEFINITIONS = (
					"DEBUG=1",
					"$(inherited)",
				);
				GCC_WARN_64_TO_32_BIT_CONVERSION = YES;
				GCC_WARN_ABOUT_RETURN_TYPE = YES_ERROR;
				GCC_WARN_UNDECLARED_SELECTOR = YES;
				GCC_WARN_UNINITIALIZED_AUTOS = YES_AGGRESSIVE;
				GCC_WARN_UNUSED_FUNCTION = YES;
				GCC_WARN_UNUSED_VARIABLE = YES;
				IPHONEOS_DEPLOYMENT_TARGET = 10.2;
				MTL_ENABLE_DEBUG_INFO = YES;
				ONLY_ACTIVE_ARCH = YES;
				SDKROOT = iphoneos;
				SWIFT_ACTIVE_COMPILATION_CONDITIONS = DEBUG;
				SWIFT_OPTIMIZATION_LEVEL = "-Onone";
			};
			name = Debug;
		};
		3F89BD991EE6AD1800EC4F7A /* Release */ = {
			isa = XCBuildConfiguration;
			buildSettings = {
				ALWAYS_SEARCH_USER_PATHS = NO;
				CLANG_ANALYZER_NONNULL = YES;
				CLANG_CXX_LANGUAGE_STANDARD = "gnu++0x";
				CLANG_CXX_LIBRARY = "libc++";
				CLANG_ENABLE_MODULES = YES;
				CLANG_ENABLE_OBJC_ARC = YES;
				CLANG_WARN_BOOL_CONVERSION = YES;
				CLANG_WARN_CONSTANT_CONVERSION = YES;
				CLANG_WARN_DIRECT_OBJC_ISA_USAGE = YES_ERROR;
				CLANG_WARN_DOCUMENTATION_COMMENTS = YES;
				CLANG_WARN_EMPTY_BODY = YES;
				CLANG_WARN_ENUM_CONVERSION = YES;
				CLANG_WARN_INFINITE_RECURSION = YES;
				CLANG_WARN_INT_CONVERSION = YES;
				CLANG_WARN_OBJC_ROOT_CLASS = YES_ERROR;
				CLANG_WARN_SUSPICIOUS_MOVE = YES;
				CLANG_WARN_UNREACHABLE_CODE = YES;
				CLANG_WARN__DUPLICATE_METHOD_MATCH = YES;
				"CODE_SIGN_IDENTITY[sdk=iphoneos*]" = "iPhone Developer";
				COPY_PHASE_STRIP = NO;
				DEBUG_INFORMATION_FORMAT = "dwarf-with-dsym";
				ENABLE_NS_ASSERTIONS = NO;
				ENABLE_STRICT_OBJC_MSGSEND = YES;
				GCC_C_LANGUAGE_STANDARD = gnu99;
				GCC_NO_COMMON_BLOCKS = YES;
				GCC_WARN_64_TO_32_BIT_CONVERSION = YES;
				GCC_WARN_ABOUT_RETURN_TYPE = YES_ERROR;
				GCC_WARN_UNDECLARED_SELECTOR = YES;
				GCC_WARN_UNINITIALIZED_AUTOS = YES_AGGRESSIVE;
				GCC_WARN_UNUSED_FUNCTION = YES;
				GCC_WARN_UNUSED_VARIABLE = YES;
				IPHONEOS_DEPLOYMENT_TARGET = 10.2;
				MTL_ENABLE_DEBUG_INFO = NO;
				SDKROOT = iphoneos;
				SWIFT_OPTIMIZATION_LEVEL = "-Owholemodule";
				VALIDATE_PRODUCT = YES;
			};
			name = Release;
		};
		3F89BD9B1EE6AD1800EC4F7A /* Debug */ = {
			isa = XCBuildConfiguration;
			baseConfigurationReference = 9CFBF84005044C839FC003E3 /* Pods-weatherApp.debug.xcconfig */;
			buildSettings = {
				ASSETCATALOG_COMPILER_APPICON_NAME = AppIcon;
				CODE_SIGN_IDENTITY = "iPhone Developer";
				DEVELOPMENT_TEAM = "";
				INFOPLIST_FILE = weatherApp/Info.plist;
				IPHONEOS_DEPLOYMENT_TARGET = 9.0;
				LD_RUNPATH_SEARCH_PATHS = "$(inherited) @executable_path/Frameworks";
				PRODUCT_BUNDLE_IDENTIFIER = "";
				PRODUCT_NAME = "$(TARGET_NAME)";
				SWIFT_VERSION = 3.0;
				TARGETED_DEVICE_FAMILY = 1;
			};
			name = Debug;
		};
		3F89BD9C1EE6AD1800EC4F7A /* Release */ = {
			isa = XCBuildConfiguration;
			baseConfigurationReference = 7FCEF17AFB6E0EF5E3F07F43 /* Pods-weatherApp.release.xcconfig */;
			buildSettings = {
				ASSETCATALOG_COMPILER_APPICON_NAME = AppIcon;
				CODE_SIGN_IDENTITY = "iPhone Developer";
				DEVELOPMENT_TEAM = "";
				INFOPLIST_FILE = weatherApp/Info.plist;
				IPHONEOS_DEPLOYMENT_TARGET = 9.0;
				LD_RUNPATH_SEARCH_PATHS = "$(inherited) @executable_path/Frameworks";
				PRODUCT_BUNDLE_IDENTIFIER = "";
				PRODUCT_NAME = "$(TARGET_NAME)";
				SWIFT_VERSION = 3.0;
				TARGETED_DEVICE_FAMILY = 1;
			};
			name = Release;
		};
/* End XCBuildConfiguration section */

/* Begin XCConfigurationList section */
		3F89BD831EE6AD1600EC4F7A /* Build configuration list for PBXProject "weatherApp" */ = {
			isa = XCConfigurationList;
			buildConfigurations = (
				3F89BD981EE6AD1800EC4F7A /* Debug */,
				3F89BD991EE6AD1800EC4F7A /* Release */,
			);
			defaultConfigurationIsVisible = 0;
			defaultConfigurationName = Release;
		};
		3F89BD9A1EE6AD1800EC4F7A /* Build configuration list for PBXNativeTarget "weatherApp" */ = {
			isa = XCConfigurationList;
			buildConfigurations = (
				3F89BD9B1EE6AD1800EC4F7A /* Debug */,
				3F89BD9C1EE6AD1800EC4F7A /* Release */,
			);
			defaultConfigurationIsVisible = 0;
			defaultConfigurationName = Release;
		};
/* End XCConfigurationList section */
	};
	rootObject = 3F89BD801EE6AD1600EC4F7A /* Project object */;
}
